
Microsoft Visual Studio Solution File, Format Version 12.00
# Visual Studio Version 17
VisualStudioVersion = 17.2.32602.215
MinimumVisualStudioVersion = 10.0.40219.1
Project("{FAE04EC0-301F-11D3-BF4B-00C04F79EFBC}") = "APIOracleDB", "APIOracleDB\APIOracleDB.csproj", "{9B1944D3-8AA1-4036-8315-18DA348001C2}"
EndProject
Global
	GlobalSection(SolutionConfigurationPlatforms) = preSolution
		Debug|Any CPU = Debug|Any CPU
		Release|Any CPU = Release|Any CPU
	EndGlobalSection
	GlobalSection(ProjectConfigurationPlatforms) = postSolution
		{9B1944D3-8AA1-4036-8315-18DA348001C2}.Debug|Any CPU.ActiveCfg = Debug|Any CPU
		{9B1944D3-8AA1-4036-8315-18DA348001C2}.Debug|Any CPU.Build.0 = Debug|Any CPU
		{9B1944D3-8AA1-4036-8315-18DA348001C2}.Release|Any CPU.ActiveCfg = Release|Any CPU
		{9B1944D3-8AA1-4036-8315-18DA348001C2}.Release|Any CPU.Build.0 = Release|Any CPU
	EndGlobalSection
	GlobalSection(SolutionProperties) = preSolution
		HideSolutionNode = FALSE
	EndGlobalSection
	GlobalSection(ExtensibilityGlobals) = postSolution
		SolutionGuid = {14E5D5E2-E391-4A45-89FE-A5B72FAEC237}
	EndGlobalSection
EndGlobal
